// !$*UTF8*$!
{
	archiveVersion = 1;
	classes = {
	};
	objectVersion = 50;
	objects = {

/* Begin PBXBuildFile section */
		361C62BB23617D62005678F2 /* ZRate.m in Sources */ = {isa = PBXBuildFile; fileRef = 361C62BA23617D62005678F2 /* ZRate.m */; };
		361C62BC23617D62005678F2 /* ZRate.h in CopyFiles */ = {isa = PBXBuildFile; fileRef = 361C62B923617D62005678F2 /* ZRate.h */; };
		361C62C423617DAE005678F2 /* Star.m in Sources */ = {isa = PBXBuildFile; fileRef = 361C62C323617DAE005678F2 /* Star.m */; };
/* End PBXBuildFile section */

/* Begin PBXCopyFilesBuildPhase section */
		361C62B423617D62005678F2 /* CopyFiles */ = {
			isa = PBXCopyFilesBuildPhase;
			buildActionMask = 2147483647;
			dstPath = "include/$(PRODUCT_NAME)";
			dstSubfolderSpec = 16;
			files = (
				361C62BC23617D62005678F2 /* ZRate.h in CopyFiles */,
			);
			runOnlyForDeploymentPostprocessing = 0;
		};
/* End PBXCopyFilesBuildPhase section */

/* Begin PBXFileReference section */
		361C62B623617D62005678F2 /* libZRate.a */ = {isa = PBXFileReference; explicitFileType = archive.ar; includeInIndex = 0; path = libZRate.a; sourceTree = BUILT_PRODUCTS_DIR; };
		361C62B923617D62005678F2 /* ZRate.h */ = {isa = PBXFileReference; lastKnownFileType = sourcecode.c.h; path = ZRate.h; sourceTree = "<group>"; };
		361C62BA23617D62005678F2 /* ZRate.m */ = {isa = PBXFileReference; lastKnownFileType = sourcecode.c.objc; path = ZRate.m; sourceTree = "<group>"; };
		361C62C223617DAE005678F2 /* Star.h */ = {isa = PBXFileReference; lastKnownFileType = sourcecode.c.h; path = Star.h; sourceTree = "<group>"; };
		361C62C323617DAE005678F2 /* Star.m */ = {isa = PBXFileReference; lastKnownFileType = sourcecode.c.objc; path = Star.m; sourceTree = "<group>"; };
		361C62C823617F2D005678F2 /* ZRate.podspec */ = {isa = PBXFileReference; lastKnownFileType = text; path = ZRate.podspec; sourceTree = "<group>"; };
/* End PBXFileReference section */

/* Begin PBXFrameworksBuildPhase section */
		361C62B323617D62005678F2 /* Frameworks */ = {
			isa = PBXFrameworksBuildPhase;
			buildActionMask = 2147483647;
			files = (
			);
			runOnlyForDeploymentPostprocessing = 0;
		};
/* End PBXFrameworksBuildPhase section */

/* Begin PBXGroup section */
		361C62AD23617D62005678F2 = {
			isa = PBXGroup;
			children = (
				361C62C823617F2D005678F2 /* ZRate.podspec */,
				361C62B823617D62005678F2 /* ZRate */,
				361C62B723617D62005678F2 /* Products */,
			);
			sourceTree = "<group>";
		};
		361C62B723617D62005678F2 /* Products */ = {
			isa = PBXGroup;
			children = (
				361C62B623617D62005678F2 /* libZRate.a */,
			);
			name = Products;
			sourceTree = "<group>";
		};
		361C62B823617D62005678F2 /* ZRate */ = {
			isa = PBXGroup;
			children = (
				361C62B923617D62005678F2 /* ZRate.h */,
				361C62BA23617D62005678F2 /* ZRate.m */,
				361C62C223617DAE005678F2 /* Star.h */,
				361C62C323617DAE005678F2 /* Star.m */,
			);
			path = ZRate;
			sourceTree = "<group>";
		};
/* End PBXGroup section */

/* Begin PBXNativeTarget section */
		361C62B523617D62005678F2 /* ZRate */ = {
			isa = PBXNativeTarget;
			buildConfigurationList = 361C62BF23617D62005678F2 /* Build configuration list for PBXNativeTarget "ZRate" */;
			buildPhases = (
				361C62B223617D62005678F2 /* Sources */,
				361C62B323617D62005678F2 /* Frameworks */,
				361C62B423617D62005678F2 /* CopyFiles */,
			);
			buildRules = (
			);
			dependencies = (
			);
			name = ZRate;
			productName = ZRate;
			productReference = 361C62B623617D62005678F2 /* libZRate.a */;
			productType = "com.apple.product-type.library.static";
		};
/* End PBXNativeTarget section */

/* Begin PBXProject section */
		361C62AE23617D62005678F2 /* Project object */ = {
			isa = PBXProject;
			attributes = {
				LastUpgradeCheck = 1120;
				ORGANIZATIONNAME = "Wiphu (Jong) Blaine";
				TargetAttributes = {
					361C62B523617D62005678F2 = {
						CreatedOnToolsVersion = 11.2;
					};
				};
			};
			buildConfigurationList = 361C62B123617D62005678F2 /* Build configuration list for PBXProject "ZRate" */;
			compatibilityVersion = "Xcode 9.3";
			developmentRegion = en;
			hasScannedForEncodings = 0;
			knownRegions = (
				en,
				Base,
			);
			mainGroup = 361C62AD23617D62005678F2;
			productRefGroup = 361C62B723617D62005678F2 /* Products */;
			projectDirPath = "";
			projectRoot = "";
			targets = (
				361C62B523617D62005678F2 /* ZRate */,
			);
		};
/* End PBXProject section */

/* Begin PBXSourcesBuildPhase section */
		361C62B223617D62005678F2 /* Sources */ = {
			isa = PBXSourcesBuildPhase;
			buildActionMask = 2147483647;
			files = (
				361C62BB23617D62005678F2 /* ZRate.m in Sources */,
				361C62C423617DAE005678F2 /* Star.m in Sources */,
			);
			runOnlyForDeploymentPostprocessing = 0;
		};
/* End PBXSourcesBuildPhase section */

/* Begin XCBuildConfiguration section */
		361C62BD23617D62005678F2 /* Debug */ = {
			isa = XCBuildConfiguration;
			buildSettings = {
				ALWAYS_SEARCH_USER_PATHS = NO;
				CLANG_ANALYZER_NONNULL = YES;
				CLANG_ANALYZER_NUMBER_OBJECT_CONVERSION = YES_AGGRESSIVE;
				CLANG_CXX_LANGUAGE_STANDARD = "gnu++14";
				CLANG_CXX_LIBRARY = "libc++";
				CLANG_ENABLE_MODULES = YES;
				CLANG_ENABLE_OBJC_ARC = YES;
				CLANG_ENABLE_OBJC_WEAK = YES;
				CLANG_WARN_BLOCK_CAPTURE_AUTORELEASING = YES;
				CLANG_WARN_BOOL_CONVERSION = YES;
				CLANG_WARN_COMMA = YES;
				CLANG_WARN_CONSTANT_CONVERSION = YES;
				CLANG_WARN_DEPRECATED_OBJC_IMPLEMENTATIONS = YES;
				CLANG_WARN_DIRECT_OBJC_ISA_USAGE = YES_ERROR;
				CLANG_WARN_DOCUMENTATION_COMMENTS = YES;
				CLANG_WARN_EMPTY_BODY = YES;
				CLANG_WARN_ENUM_CONVERSION = YES;
				CLANG_WARN_INFINITE_RECURSION = YES;
				CLANG_WARN_INT_CONVERSION = YES;
				CLANG_WARN_NON_LITERAL_NULL_CONVERSION = YES;
				CLANG_WARN_OBJC_IMPLICIT_RETAIN_SELF = YES;
				CLANG_WARN_OBJC_LITERAL_CONVERSION = YES;
				CLANG_WARN_OBJC_ROOT_CLASS = YES_ERROR;
				CLANG_WARN_RANGE_LOOP_ANALYSIS = YES;
				CLANG_WARN_STRICT_PROTOTYPES = YES;
				CLANG_WARN_SUSPICIOUS_MOVE = YES;
				CLANG_WARN_UNGUARDED_AVAILABILITY = YES_AGGRESSIVE;
				CLANG_WARN_UNREACHABLE_CODE = YES;
				CLANG_WARN__DUPLICATE_METHOD_MATCH = YES;
				COPY_PHASE_STRIP = NO;
				DEBUG_INFORMATION_FORMAT = dwarf;
				ENABLE_STRICT_OBJC_MSGSEND = YES;
				ENABLE_TESTABILITY = YES;
				GCC_C_LANGUAGE_STANDARD = gnu11;
				GCC_DYNAMIC_NO_PIC = NO;
				GCC_NO_COMMON_BLOCKS = YES;
				GCC_OPTIMIZATION_LEVEL = 0;
				GCC_PREPROCESSOR_DEFINITIONS = (
					"DEBUG=1",
					"$(inherited)",
				);
				GCC_WARN_64_TO_32_BIT_CONVERSION = YES;
				GCC_WARN_ABOUT_RETURN_TYPE = YES_ERROR;
				GCC_WARN_UNDECLARED_SELECTOR = YES;
				GCC_WARN_UNINITIALIZED_AUTOS = YES_AGGRESSIVE;
				GCC_WARN_UNUSED_FUNCTION = YES;
				GCC_WARN_UNUSED_VARIABLE = YES;
				IPHONEOS_DEPLOYMENT_TARGET = 13.2;
				MTL_ENABLE_DEBUG_INFO = INCLUDE_SOURCE;
				MTL_FAST_MATH = YES;
				ONLY_ACTIVE_ARCH = YES;
				SDKROOT = iphoneos;
			};
			name = Debug;
		};
		361C62BE23617D62005678F2 /* Release */ = {
			isa = XCBuildConfiguration;
			buildSettings = {
				ALWAYS_SEARCH_USER_PATHS = NO;
				CLANG_ANALYZER_NONNULL = YES;
				CLANG_ANALYZER_NUMBER_OBJECT_CONVERSION = YES_AGGRESSIVE;
				CLANG_CXX_LANGUAGE_STANDARD = "gnu++14";
				CLANG_CXX_LIBRARY = "libc++";
				CLANG_ENABLE_MODULES = YES;
				CLANG_ENABLE_OBJC_ARC = YES;
				CLANG_ENABLE_OBJC_WEAK = YES;
				CLANG_WARN_BLOCK_CAPTURE_AUTORELEASING = YES;
				CLANG_WARN_BOOL_CONVERSION = YES;
				CLANG_WARN_COMMA = YES;
				CLANG_WARN_CONSTANT_CONVERSION = YES;
				CLANG_WARN_DEPRECATED_OBJC_IMPLEMENTATIONS = YES;
				CLANG_WARN_DIRECT_OBJC_ISA_USAGE = YES_ERROR;
				CLANG_WARN_DOCUMENTATION_COMMENTS = YES;
				CLANG_WARN_EMPTY_BODY = YES;
				CLANG_WARN_ENUM_CONVERSION = YES;
				CLANG_WARN_INFINITE_RECURSION = YES;
				CLANG_WARN_INT_CONVERSION = YES;
				CLANG_WARN_NON_LITERAL_NULL_CONVERSION = YES;
				CLANG_WARN_OBJC_IMPLICIT_RETAIN_SELF = YES;
				CLANG_WARN_OBJC_LITERAL_CONVERSION = YES;
				CLANG_WARN_OBJC_ROOT_CLASS = YES_ERROR;
				CLANG_WARN_RANGE_LOOP_ANALYSIS = YES;
				CLANG_WARN_STRICT_PROTOTYPES = YES;
				CLANG_WARN_SUSPICIOUS_MOVE = YES;
				CLANG_WARN_UNGUARDED_AVAILABILITY = YES_AGGRESSIVE;
				CLANG_WARN_UNREACHABLE_CODE = YES;
				CLANG_WARN__DUPLICATE_METHOD_MATCH = YES;
				COPY_PHASE_STRIP = NO;
				DEBUG_INFORMATION_FORMAT = "dwarf-with-dsym";
				ENABLE_NS_ASSERTIONS = NO;
				ENABLE_STRICT_OBJC_MSGSEND = YES;
				GCC_C_LANGUAGE_STANDARD = gnu11;
				GCC_NO_COMMON_BLOCKS = YES;
				GCC_WARN_64_TO_32_BIT_CONVERSION = YES;
				GCC_WARN_ABOUT_RETURN_TYPE = YES_ERROR;
				GCC_WARN_UNDECLARED_SELECTOR = YES;
				GCC_WARN_UNINITIALIZED_AUTOS = YES_AGGRESSIVE;
				GCC_WARN_UNUSED_FUNCTION = YES;
				GCC_WARN_UNUSED_VARIABLE = YES;
				IPHONEOS_DEPLOYMENT_TARGET = 13.2;
				MTL_ENABLE_DEBUG_INFO = NO;
				MTL_FAST_MATH = YES;
				SDKROOT = iphoneos;
				VALIDATE_PRODUCT = YES;
			};
			name = Release;
		};
		361C62C023617D62005678F2 /* Debug */ = {
			isa = XCBuildConfiguration;
			buildSettings = {
				CODE_SIGN_STYLE = Automatic;
				OTHER_LDFLAGS = "-ObjC";
				PRODUCT_NAME = "$(TARGET_NAME)";
				SKIP_INSTALL = YES;
				TARGETED_DEVICE_FAMILY = "1,2";
			};
			name = Debug;
		};
		361C62C123617D62005678F2 /* Release */ = {
			isa = XCBuildConfiguration;
			buildSettings = {
				CODE_SIGN_STYLE = Automatic;
				OTHER_LDFLAGS = "-ObjC";
				PRODUCT_NAME = "$(TARGET_NAME)";
				SKIP_INSTALL = YES;
				TARGETED_DEVICE_FAMILY = "1,2";
			};
			name = Release;
		};
/* End XCBuildConfiguration section */

/* Begin XCConfigurationList section */
		361C62B123617D62005678F2 /* Build configuration list for PBXProject "ZRate" */ = {
			isa = XCConfigurationList;
			buildConfigurations = (
				361C62BD23617D62005678F2 /* Debug */,
				361C62BE23617D62005678F2 /* Release */,
			);
			defaultConfigurationIsVisible = 0;
			defaultConfigurationName = Release;
		};
		361C62BF23617D62005678F2 /* Build configuration list for PBXNativeTarget "ZRate" */ = {
			isa = XCConfigurationList;
			buildConfigurations = (
				361C62C023617D62005678F2 /* Debug */,
				361C62C123617D62005678F2 /* Release */,
			);
			defaultConfigurationIsVisible = 0;
			defaultConfigurationName = Release;
		};
/* End XCConfigurationList section */
	};
	rootObject = 361C62AE23617D62005678F2 /* Project object */;
}
